{
  "version": 4,
  "terraform_version": "1.3.6",
  "serial": 443,
  "lineage": "fe9a2f5c-6a9f-bb53-c8b4-ac03bdc45820",
  "outputs": {
    "external_ip_address_Bastion": {
      "value": "158.160.112.220",
      "type": "string"
    },
    "internal_ip_address_Bastion": {
      "value": "192.168.10.15",
      "type": "string"
    },
    "internal_ip_address_Elasticsearch": {
      "value": "192.168.10.29",
      "type": "string"
    },
    "internal_ip_address_Grafana": {
      "value": "192.168.10.21",
      "type": "string"
    },
    "internal_ip_address_Kibana": {
      "value": "192.168.10.14",
      "type": "string"
    },
    "internal_ip_address_Prometheus": {
      "value": "192.168.10.30",
      "type": "string"
    },
    "internal_ip_address_vm_1": {
      "value": "192.168.10.7",
      "type": "string"
    },
    "internal_ip_address_vm_2": {
      "value": "192.168.15.17",
      "type": "string"
    }
  },
  "resources": [
    {
      "mode": "managed",
      "type": "yandex_alb_backend_group",
      "name": "webservers-backend-group",
      "provider": "provider[\"registry.terraform.io/yandex-cloud/yandex\"]",
      "instances": [
        {
          "schema_version": 0,
          "attributes": {
            "created_at": "2023-07-01T18:32:11Z",
            "description": "",
            "folder_id": "b1gt86b9aq1ci5kanapu",
            "grpc_backend": [],
            "http_backend": [
              {
                "healthcheck": [
                  {
                    "grpc_healthcheck": [],
                    "healthcheck_port": 0,
                    "healthy_threshold": 10,
                    "http_healthcheck": [
                      {
                        "host": "",
                        "http2": false,
                        "path": "/"
                      }
                    ],
                    "interval": "2s",
                    "interval_jitter_percent": 0,
                    "stream_healthcheck": [],
                    "timeout": "10s",
                    "unhealthy_threshold": 15
                  }
                ],
                "http2": false,
                "load_balancing_config": [
                  {
                    "locality_aware_routing_percent": 0,
                    "mode": "ROUND_ROBIN",
                    "panic_threshold": 90,
                    "strict_locality": false
                  }
                ],
                "name": "web-backend",
                "port": 80,
                "storage_bucket": "",
                "target_group_ids": [
                  "ds74lkgaosgb4ec24t2a"
                ],
                "tls": [],
                "weight": 1
              },
              {
                "healthcheck": [
                  {
                    "grpc_healthcheck": [],
                    "healthcheck_port": 0,
                    "healthy_threshold": 10,
                    "http_healthcheck": [
                      {
                        "host": "",
                        "http2": false,
                        "path": "/"
                      }
                    ],
                    "interval": "2s",
                    "interval_jitter_percent": 0,
                    "stream_healthcheck": [],
                    "timeout": "10s",
                    "unhealthy_threshold": 15
                  }
                ],
                "http2": false,
                "load_balancing_config": [
                  {
                    "locality_aware_routing_percent": 0,
                    "mode": "ROUND_ROBIN",
                    "panic_threshold": 90,
                    "strict_locality": false
                  }
                ],
                "name": "grafana-backend",
                "port": 3000,
                "storage_bucket": "",
                "target_group_ids": [
                  "ds72e5cjmrot25fmc9dq"
                ],
                "tls": [],
                "weight": 1
              },
              {
                "healthcheck": [
                  {
                    "grpc_healthcheck": [],
                    "healthcheck_port": 0,
                    "healthy_threshold": 10,
                    "http_healthcheck": [
                      {
                        "host": "",
                        "http2": false,
                        "path": "/"
                      }
                    ],
                    "interval": "2s",
                    "interval_jitter_percent": 0,
                    "stream_healthcheck": [],
                    "timeout": "10s",
                    "unhealthy_threshold": 15
                  }
                ],
                "http2": false,
                "load_balancing_config": [
                  {
                    "locality_aware_routing_percent": 0,
                    "mode": "ROUND_ROBIN",
                    "panic_threshold": 90,
                    "strict_locality": false
                  }
                ],
                "name": "kibana-backend",
                "port": 5601,
                "storage_bucket": "",
                "target_group_ids": [
                  "ds7tledthls18nr57f38"
                ],
                "tls": [],
                "weight": 1
              }
            ],
            "id": "ds750u9h33f6flrgvp6f",
            "labels": {},
            "name": "public-backend-group",
            "session_affinity": [
              {
                "connection": [
                  {
                    "source_ip": true
                  }
                ],
                "cookie": [],
                "header": []
              }
            ],
            "stream_backend": [],
            "timeouts": null
          },
          "sensitive_attributes": [],
          "private": "eyJlMmJmYjczMC1lY2FhLTExZTYtOGY4OC0zNDM2M2JjN2M0YzAiOnsiY3JlYXRlIjozMDAwMDAwMDAwMDAsImRlbGV0ZSI6MzAwMDAwMDAwMDAwLCJ1cGRhdGUiOjMwMDAwMDAwMDAwMH19",
          "dependencies": [
            "yandex_alb_target_group.grafana",
            "yandex_alb_target_group.kibana",
            "yandex_alb_target_group.webservers"
          ]
        }
      ]
    },
    {
      "mode": "managed",
      "type": "yandex_alb_http_router",
      "name": "router",
      "provider": "provider[\"registry.terraform.io/yandex-cloud/yandex\"]",
      "instances": [
        {
          "schema_version": 0,
          "attributes": {
            "created_at": "2023-07-01T19:31:41Z",
            "description": "",
            "folder_id": "b1gt86b9aq1ci5kanapu",
            "id": "ds7r1mvrphrq1nt4j76v",
            "labels": {
              "empty-label": "",
              "tf-label": "tf-label-value"
            },
            "name": "web-router",
            "route_options": [],
            "timeouts": null
          },
          "sensitive_attributes": [],
          "private": "eyJlMmJmYjczMC1lY2FhLTExZTYtOGY4OC0zNDM2M2JjN2M0YzAiOnsiY3JlYXRlIjozMDAwMDAwMDAwMDAsImRlbGV0ZSI6MzAwMDAwMDAwMDAwLCJ1cGRhdGUiOjMwMDAwMDAwMDAwMH19"
        }
      ]
    },
    {
      "mode": "managed",
      "type": "yandex_alb_load_balancer",
      "name": "load-balancer",
      "provider": "provider[\"registry.terraform.io/yandex-cloud/yandex\"]",
      "instances": [
        {
          "schema_version": 0,
          "attributes": {
            "allocation_policy": [
              {
                "location": [
                  {
                    "disable_traffic": false,
                    "subnet_id": "e2l412nkhbah6n2usa44",
                    "zone_id": "ru-central1-b"
                  },
                  {
                    "disable_traffic": false,
                    "subnet_id": "e9bijlmij63b0k7sbbtd",
                    "zone_id": "ru-central1-a"
                  }
                ]
              }
            ],
            "created_at": "2023-07-02T11:05:34Z",
            "description": "",
            "folder_id": "b1gt86b9aq1ci5kanapu",
            "id": "ds7ql3k94mj6sjn0uu0f",
            "labels": {},
            "listener": [
              {
                "endpoint": [
                  {
                    "address": [
                      {
                        "external_ipv4_address": [
                          {
                            "address": "51.250.79.233"
                          }
                        ],
                        "external_ipv6_address": [],
                        "internal_ipv4_address": []
                      }
                    ],
                    "ports": [
                      5601,
                      80,
                      3000
                    ]
                  }
                ],
                "http": [
                  {
                    "handler": [
                      {
                        "allow_http10": false,
                        "http2_options": [],
                        "http_router_id": "ds7r1mvrphrq1nt4j76v"
                      }
                    ],
                    "redirects": []
                  }
                ],
                "name": "listener",
                "stream": [],
                "tls": []
              }
            ],
            "log_group_id": "ckgufhn3503fv49eaq4m",
            "log_options": [],
            "name": "balancer",
            "network_id": "enp3gdj6d5s702dbhq0e",
            "region_id": "",
            "security_group_ids": [],
            "status": "active",
            "timeouts": null
          },
          "sensitive_attributes": [],
          "private": "eyJlMmJmYjczMC1lY2FhLTExZTYtOGY4OC0zNDM2M2JjN2M0YzAiOnsiY3JlYXRlIjo2MDAwMDAwMDAwMDAsImRlbGV0ZSI6NjAwMDAwMDAwMDAwLCJ1cGRhdGUiOjYwMDAwMDAwMDAwMH19"
        }
      ]
    },
    {
      "mode": "managed",
      "type": "yandex_alb_target_group",
      "name": "grafana",
      "provider": "provider[\"registry.terraform.io/yandex-cloud/yandex\"]",
      "instances": [
        {
          "schema_version": 0,
          "attributes": {
            "created_at": "2023-08-27T21:10:38Z",
            "description": "",
            "folder_id": "b1gt86b9aq1ci5kanapu",
            "id": "ds72e5cjmrot25fmc9dq",
            "labels": {},
            "name": "grafana-target-group",
            "target": [
              {
                "ip_address": "192.168.10.21",
                "private_ipv4_address": false,
                "subnet_id": "e9bijlmij63b0k7sbbtd"
              }
            ],
            "timeouts": null
          },
          "sensitive_attributes": [],
          "private": "eyJlMmJmYjczMC1lY2FhLTExZTYtOGY4OC0zNDM2M2JjN2M0YzAiOnsiY3JlYXRlIjozMDAwMDAwMDAwMDAsImRlbGV0ZSI6MzAwMDAwMDAwMDAwLCJ1cGRhdGUiOjMwMDAwMDAwMDAwMH19"
        }
      ]
    },
    {
      "mode": "managed",
      "type": "yandex_alb_target_group",
      "name": "kibana",
      "provider": "provider[\"registry.terraform.io/yandex-cloud/yandex\"]",
      "instances": [
        {
          "schema_version": 0,
          "attributes": {
            "created_at": "2023-08-27T21:10:39Z",
            "description": "",
            "folder_id": "b1gt86b9aq1ci5kanapu",
            "id": "ds7tledthls18nr57f38",
            "labels": {},
            "name": "kibana-target-group",
            "target": [
              {
                "ip_address": "192.168.10.14",
                "private_ipv4_address": false,
                "subnet_id": "e9bijlmij63b0k7sbbtd"
              }
            ],
            "timeouts": null
          },
          "sensitive_attributes": [],
          "private": "eyJlMmJmYjczMC1lY2FhLTExZTYtOGY4OC0zNDM2M2JjN2M0YzAiOnsiY3JlYXRlIjozMDAwMDAwMDAwMDAsImRlbGV0ZSI6MzAwMDAwMDAwMDAwLCJ1cGRhdGUiOjMwMDAwMDAwMDAwMH19"
        }
      ]
    },
    {
      "mode": "managed",
      "type": "yandex_alb_target_group",
      "name": "webservers",
      "provider": "provider[\"registry.terraform.io/yandex-cloud/yandex\"]",
      "instances": [
        {
          "schema_version": 0,
          "attributes": {
            "created_at": "2023-07-01T18:29:19Z",
            "description": "",
            "folder_id": "b1gt86b9aq1ci5kanapu",
            "id": "ds74lkgaosgb4ec24t2a",
            "labels": {},
            "name": "webservers",
            "target": [
              {
                "ip_address": "192.168.10.7",
                "private_ipv4_address": false,
                "subnet_id": "e9bijlmij63b0k7sbbtd"
              },
              {
                "ip_address": "192.168.15.17",
                "private_ipv4_address": false,
                "subnet_id": "e2l412nkhbah6n2usa44"
              }
            ],
            "timeouts": null
          },
          "sensitive_attributes": [],
          "private": "eyJlMmJmYjczMC1lY2FhLTExZTYtOGY4OC0zNDM2M2JjN2M0YzAiOnsiY3JlYXRlIjozMDAwMDAwMDAwMDAsImRlbGV0ZSI6MzAwMDAwMDAwMDAwLCJ1cGRhdGUiOjMwMDAwMDAwMDAwMH19"
        }
      ]
    },
    {
      "mode": "managed",
      "type": "yandex_alb_virtual_host",
      "name": "my-virtual-host",
      "provider": "provider[\"registry.terraform.io/yandex-cloud/yandex\"]",
      "instances": [
        {
          "schema_version": 0,
          "attributes": {
            "authority": [],
            "http_router_id": "ds7r1mvrphrq1nt4j76v",
            "id": "ds7r1mvrphrq1nt4j76v/my-virtual-host",
            "modify_request_headers": [],
            "modify_response_headers": [],
            "name": "my-virtual-host",
            "route": [
              {
                "grpc_route": [],
                "http_route": [
                  {
                    "direct_response_action": [],
                    "http_match": [],
                    "http_route_action": [
                      {
                        "auto_host_rewrite": false,
                        "backend_group_id": "ds750u9h33f6flrgvp6f",
                        "host_rewrite": "",
                        "idle_timeout": "",
                        "prefix_rewrite": "",
                        "timeout": "1m0s",
                        "upgrade_types": []
                      }
                    ],
                    "redirect_action": []
                  }
                ],
                "name": "web-router",
                "route_options": []
              }
            ],
            "route_options": [],
            "timeouts": null
          },
          "sensitive_attributes": [],
          "private": "eyJlMmJmYjczMC1lY2FhLTExZTYtOGY4OC0zNDM2M2JjN2M0YzAiOnsiY3JlYXRlIjozMDAwMDAwMDAwMDAsImRlbGV0ZSI6MzAwMDAwMDAwMDAwLCJ1cGRhdGUiOjMwMDAwMDAwMDAwMH19",
          "dependencies": [
            "yandex_alb_http_router.router"
          ]
        }
      ]
    },
    {
      "mode": "managed",
      "type": "yandex_compute_instance",
      "name": "Bastion",
      "provider": "provider[\"registry.terraform.io/yandex-cloud/yandex\"]",
      "instances": [
        {
          "schema_version": 1,
          "attributes": {
            "allow_recreate": null,
            "allow_stopping_for_update": null,
            "boot_disk": [
              {
                "auto_delete": true,
                "device_name": "fhmqrqhkuac4ooitvq8k",
                "disk_id": "fhmqrqhkuac4ooitvq8k",
                "initialize_params": [
                  {
                    "block_size": 4096,
                    "description": "",
                    "image_id": "fd8hhtemghrl8qptlnfu",
                    "name": "",
                    "size": 20,
                    "snapshot_id": "",
                    "type": "network-hdd"
                  }
                ],
                "mode": "READ_WRITE"
              }
            ],
            "created_at": "2023-08-23T18:45:02Z",
            "description": "",
            "filesystem": [],
            "folder_id": "b1gt86b9aq1ci5kanapu",
            "fqdn": "fhmj0n35u1t3apkah9om.auto.internal",
            "hostname": "",
            "id": "fhmj0n35u1t3apkah9om",
            "labels": {},
            "local_disk": [],
            "metadata": {
              "user-data": " #cloud-config\n users:\n  - name: artem\n    groups: sudo\n    shell: /bin/bash\n    sudo: ['ALL=(ALL) NOPASSWD:ALL']\n    ssh-authorized-keys:\n      - ssh-rsa AAAAB3NzaC1yc2EAAAADAQABAAABgQCzW2ttCkPSnKCTdzCBY/ZrGsyjkmY+tykeZ1ybrzCQk3le6JNJ8d+mUU5I+lgkvHIQnPSGaSkbVtWUOKy9PIWkkt0L1S0wrbfydYWNMaB1x5jLEn/flUQ7QwUZJaQ17WYXtO68o0hVQ83zBB8/jHHr0IrE1cKukzZrZ940Up5mDmETDYtLFIqsr66JZ986k/OvK2GGf+xlJCUgBwLlrlUxqHZisCz6MpldVAYd5uX3ZtmsfT5GoBp70Y8B+wSIa77I0xCJQqfG08gTmlMprXYqVcJJ27nq3e9AcEZ1IT3QdmwQOeFwt3BVsCFIc+JSJprJCO7XZJQPE95VYjEqpS7W/aw3Zx7xsXatQC3xenfdK24f5HE9S5pKYjztUyzKs4aay03vyB0bTjSyrYMl6wmexqEjNs9E+DQrpPLW0CVeT46jQnIW8P6mtF82XS9WVFeML16p0X3r5CFDkPhHugr0B569l53uCTG4zKkr2YLNbkeMxlhHmbvADOK1Rfgz0SE= root@artem\n      - ssh-rsa AAAAB3NzaC1yc2EAAAADAQABAAACAQD5rXMkwLS6BNO3eez2nopzP0cekPLUpwvFEfbhQkB+tOsCctGnAk210L9+82ChR7GIJ8Mt0MX6akBaK06nceF6c+j0nLTNQ9EHTUzBn5S3x0jykw/meYDWOEnxsckSrHsYaKMQnko/8k3RAz6Ghfa34Fgs1bZf8I9WoC4PQWeZzzNTZzGrx4SH9rM1CiCKnXdkTNZ3n5NjkHeN5OlvtQO6KavBF5OHJGYD2rurATVN6r1aUWheD22dvxomXAmxdSnnKa+klB9/IhgQc1xEY2MW3SWwSmAsOFUox/pS2B12aRGsA7KzedL+m5sNIQYLHdcO5Ly1mCc7LRiZ7lxuFJTEvlD2PKXzgT4KDs1B5Gs5GqeC6pep67Tj2whyUBs+EEHerZUuyOnWz5eBKQskekmukuqKfUBZcJOX8JmiLFe9ECyVe9CwKJKhC5mM3C3MrJHR7LS6NFVSGkvcjF/SjMmb+j2AHBtm6gpZ6q+myIFHr42pcKZqir65XJeveKkHlqnifJ3efIM7uVyQGFAdgqdjayDlNsKlKpxZDdFpj0CbV6UZUSDOrRYCm0zhtal18dzWP5TpN4cPm77PSJGI85ChHRJ8lFEl2jVZ5DJ12N6vew6QIgmlIDQKwZQ5gZCDqV/u+dZQIavaqZG90P9JKaXXIEOOKd+EuOp2l4i7xrsg/w== bastion\n"
            },
            "metadata_options": [
              {
                "aws_v1_http_endpoint": 1,
                "aws_v1_http_token": 2,
                "gce_http_endpoint": 1,
                "gce_http_token": 1
              }
            ],
            "name": "bastion",
            "network_acceleration_type": "standard",
            "network_interface": [
              {
                "dns_record": [],
                "index": 0,
                "ip_address": "192.168.10.15",
                "ipv4": true,
                "ipv6": false,
                "ipv6_address": "",
                "ipv6_dns_record": [],
                "mac_address": "d0:0d:13:05:c6:5f",
                "nat": true,
                "nat_dns_record": [],
                "nat_ip_address": "158.160.112.220",
                "nat_ip_version": "IPV4",
                "security_group_ids": [],
                "subnet_id": "e9bijlmij63b0k7sbbtd"
              }
            ],
            "placement_policy": [
              {
                "host_affinity_rules": [],
                "placement_group_id": ""
              }
            ],
            "platform_id": "standard-v1",
            "resources": [
              {
                "core_fraction": 100,
                "cores": 2,
                "gpus": 0,
                "memory": 4
              }
            ],
            "scheduling_policy": [
              {
                "preemptible": false
              }
            ],
            "secondary_disk": [],
            "service_account_id": "",
            "status": "running",
            "timeouts": null,
            "zone": "ru-central1-a"
          },
          "sensitive_attributes": [],
          "private": "eyJlMmJmYjczMC1lY2FhLTExZTYtOGY4OC0zNDM2M2JjN2M0YzAiOnsiY3JlYXRlIjozMDAwMDAwMDAwMDAsImRlbGV0ZSI6MzAwMDAwMDAwMDAwLCJ1cGRhdGUiOjMwMDAwMDAwMDAwMH0sInNjaGVtYV92ZXJzaW9uIjoiMSJ9",
          "dependencies": [
            "yandex_vpc_network.network-1",
            "yandex_vpc_subnet.subnet-1"
          ]
        }
      ]
    },
    {
      "mode": "managed",
      "type": "yandex_compute_instance",
      "name": "Elasticsearch",
      "provider": "provider[\"registry.terraform.io/yandex-cloud/yandex\"]",
      "instances": [
        {
          "schema_version": 1,
          "attributes": {
            "allow_recreate": null,
            "allow_stopping_for_update": false,
            "boot_disk": [
              {
                "auto_delete": true,
                "device_name": "fhmhalmudfoom1j4aim7",
                "disk_id": "fhmhalmudfoom1j4aim7",
                "initialize_params": [
                  {
                    "block_size": 4096,
                    "description": "",
                    "image_id": "fd87bs5724r0ngu3jlb6",
                    "name": "",
                    "size": 20,
                    "snapshot_id": "",
                    "type": "network-hdd"
                  }
                ],
                "mode": "READ_WRITE"
              }
            ],
            "created_at": "2023-08-07T17:41:22Z",
            "description": "",
            "filesystem": [],
            "folder_id": "b1gt86b9aq1ci5kanapu",
            "fqdn": "fhm3bop3qri9e56usufg.auto.internal",
            "hostname": "",
            "id": "fhm3bop3qri9e56usufg",
            "labels": {},
            "local_disk": [],
            "metadata": {
              "user-data": " #cloud-config\n users:\n  - name: artem\n    groups: sudo\n    shell: /bin/bash\n    sudo: ['ALL=(ALL) NOPASSWD:ALL']\n    ssh-authorized-keys:\n      - ssh-rsa AAAAB3NzaC1yc2EAAAADAQABAAABgQCzW2ttCkPSnKCTdzCBY/ZrGsyjkmY+tykeZ1ybrzCQk3le6JNJ8d+mUU5I+lgkvHIQnPSGaSkbVtWUOKy9PIWkkt0L1S0wrbfydYWNMaB1x5jLEn/flUQ7QwUZJaQ17WYXtO68o0hVQ83zBB8/jHHr0IrE1cKukzZrZ940Up5mDmETDYtLFIqsr66JZ986k/OvK2GGf+xlJCUgBwLlrlUxqHZisCz6MpldVAYd5uX3ZtmsfT5GoBp70Y8B+wSIa77I0xCJQqfG08gTmlMprXYqVcJJ27nq3e9AcEZ1IT3QdmwQOeFwt3BVsCFIc+JSJprJCO7XZJQPE95VYjEqpS7W/aw3Zx7xsXatQC3xenfdK24f5HE9S5pKYjztUyzKs4aay03vyB0bTjSyrYMl6wmexqEjNs9E+DQrpPLW0CVeT46jQnIW8P6mtF82XS9WVFeML16p0X3r5CFDkPhHugr0B569l53uCTG4zKkr2YLNbkeMxlhHmbvADOK1Rfgz0SE= root@artem\n      - ssh-rsa AAAAB3NzaC1yc2EAAAADAQABAAACAQD5rXMkwLS6BNO3eez2nopzP0cekPLUpwvFEfbhQkB+tOsCctGnAk210L9+82ChR7GIJ8Mt0MX6akBaK06nceF6c+j0nLTNQ9EHTUzBn5S3x0jykw/meYDWOEnxsckSrHsYaKMQnko/8k3RAz6Ghfa34Fgs1bZf8I9WoC4PQWeZzzNTZzGrx4SH9rM1CiCKnXdkTNZ3n5NjkHeN5OlvtQO6KavBF5OHJGYD2rurATVN6r1aUWheD22dvxomXAmxdSnnKa+klB9/IhgQc1xEY2MW3SWwSmAsOFUox/pS2B12aRGsA7KzedL+m5sNIQYLHdcO5Ly1mCc7LRiZ7lxuFJTEvlD2PKXzgT4KDs1B5Gs5GqeC6pep67Tj2whyUBs+EEHerZUuyOnWz5eBKQskekmukuqKfUBZcJOX8JmiLFe9ECyVe9CwKJKhC5mM3C3MrJHR7LS6NFVSGkvcjF/SjMmb+j2AHBtm6gpZ6q+myIFHr42pcKZqir65XJeveKkHlqnifJ3efIM7uVyQGFAdgqdjayDlNsKlKpxZDdFpj0CbV6UZUSDOrRYCm0zhtal18dzWP5TpN4cPm77PSJGI85ChHRJ8lFEl2jVZ5DJ12N6vew6QIgmlIDQKwZQ5gZCDqV/u+dZQIavaqZG90P9JKaXXIEOOKd+EuOp2l4i7xrsg/w== bastion\n"
            },
            "metadata_options": [
              {
                "aws_v1_http_endpoint": 1,
                "aws_v1_http_token": 2,
                "gce_http_endpoint": 1,
                "gce_http_token": 1
              }
            ],
            "name": "elastic",
            "network_acceleration_type": "standard",
            "network_interface": [
              {
                "dns_record": [],
                "index": 0,
                "ip_address": "192.168.10.29",
                "ipv4": true,
                "ipv6": false,
                "ipv6_address": "",
                "ipv6_dns_record": [],
                "mac_address": "d0:0d:35:e3:23:d6",
                "nat": true,
                "nat_dns_record": [],
                "nat_ip_address": "158.160.101.142",
                "nat_ip_version": "IPV4",
                "security_group_ids": [],
                "subnet_id": "e9bijlmij63b0k7sbbtd"
              }
            ],
            "placement_policy": [
              {
                "host_affinity_rules": [],
                "placement_group_id": ""
              }
            ],
            "platform_id": "standard-v1",
            "resources": [
              {
                "core_fraction": 100,
                "cores": 2,
                "gpus": 0,
                "memory": 4
              }
            ],
            "scheduling_policy": [
              {
                "preemptible": false
              }
            ],
            "secondary_disk": [],
            "service_account_id": "",
            "status": "running",
            "timeouts": null,
            "zone": "ru-central1-a"
          },
          "sensitive_attributes": [],
          "private": "eyJlMmJmYjczMC1lY2FhLTExZTYtOGY4OC0zNDM2M2JjN2M0YzAiOnsiY3JlYXRlIjozMDAwMDAwMDAwMDAsImRlbGV0ZSI6MzAwMDAwMDAwMDAwLCJ1cGRhdGUiOjMwMDAwMDAwMDAwMH0sInNjaGVtYV92ZXJzaW9uIjoiMSJ9",
          "dependencies": [
            "yandex_vpc_network.network-1",
            "yandex_vpc_subnet.subnet-1"
          ]
        }
      ]
    },
    {
      "mode": "managed",
      "type": "yandex_compute_instance",
      "name": "Grafana",
      "provider": "provider[\"registry.terraform.io/yandex-cloud/yandex\"]",
      "instances": [
        {
          "schema_version": 1,
          "attributes": {
            "allow_recreate": null,
            "allow_stopping_for_update": null,
            "boot_disk": [
              {
                "auto_delete": true,
                "device_name": "fhmu66biv14b40vmklgi",
                "disk_id": "fhmu66biv14b40vmklgi",
                "initialize_params": [
                  {
                    "block_size": 4096,
                    "description": "",
                    "image_id": "fd8hhtemghrl8qptlnfu",
                    "name": "",
                    "size": 20,
                    "snapshot_id": "",
                    "type": "network-hdd"
                  }
                ],
                "mode": "READ_WRITE"
              }
            ],
            "created_at": "2023-07-04T21:24:23Z",
            "description": "",
            "filesystem": [],
            "folder_id": "b1gt86b9aq1ci5kanapu",
            "fqdn": "fhm1erhvee3tg82mb2s4.auto.internal",
            "hostname": "",
            "id": "fhm1erhvee3tg82mb2s4",
            "labels": {},
            "local_disk": [],
            "metadata": {
              "user-data": " #cloud-config\n users:\n  - name: artem\n    groups: sudo\n    shell: /bin/bash\n    sudo: ['ALL=(ALL) NOPASSWD:ALL']\n    ssh-authorized-keys:\n      - ssh-rsa AAAAB3NzaC1yc2EAAAADAQABAAABgQCzW2ttCkPSnKCTdzCBY/ZrGsyjkmY+tykeZ1ybrzCQk3le6JNJ8d+mUU5I+lgkvHIQnPSGaSkbVtWUOKy9PIWkkt0L1S0wrbfydYWNMaB1x5jLEn/flUQ7QwUZJaQ17WYXtO68o0hVQ83zBB8/jHHr0IrE1cKukzZrZ940Up5mDmETDYtLFIqsr66JZ986k/OvK2GGf+xlJCUgBwLlrlUxqHZisCz6MpldVAYd5uX3ZtmsfT5GoBp70Y8B+wSIa77I0xCJQqfG08gTmlMprXYqVcJJ27nq3e9AcEZ1IT3QdmwQOeFwt3BVsCFIc+JSJprJCO7XZJQPE95VYjEqpS7W/aw3Zx7xsXatQC3xenfdK24f5HE9S5pKYjztUyzKs4aay03vyB0bTjSyrYMl6wmexqEjNs9E+DQrpPLW0CVeT46jQnIW8P6mtF82XS9WVFeML16p0X3r5CFDkPhHugr0B569l53uCTG4zKkr2YLNbkeMxlhHmbvADOK1Rfgz0SE= root@artem\n      - ssh-rsa AAAAB3NzaC1yc2EAAAADAQABAAACAQD5rXMkwLS6BNO3eez2nopzP0cekPLUpwvFEfbhQkB+tOsCctGnAk210L9+82ChR7GIJ8Mt0MX6akBaK06nceF6c+j0nLTNQ9EHTUzBn5S3x0jykw/meYDWOEnxsckSrHsYaKMQnko/8k3RAz6Ghfa34Fgs1bZf8I9WoC4PQWeZzzNTZzGrx4SH9rM1CiCKnXdkTNZ3n5NjkHeN5OlvtQO6KavBF5OHJGYD2rurATVN6r1aUWheD22dvxomXAmxdSnnKa+klB9/IhgQc1xEY2MW3SWwSmAsOFUox/pS2B12aRGsA7KzedL+m5sNIQYLHdcO5Ly1mCc7LRiZ7lxuFJTEvlD2PKXzgT4KDs1B5Gs5GqeC6pep67Tj2whyUBs+EEHerZUuyOnWz5eBKQskekmukuqKfUBZcJOX8JmiLFe9ECyVe9CwKJKhC5mM3C3MrJHR7LS6NFVSGkvcjF/SjMmb+j2AHBtm6gpZ6q+myIFHr42pcKZqir65XJeveKkHlqnifJ3efIM7uVyQGFAdgqdjayDlNsKlKpxZDdFpj0CbV6UZUSDOrRYCm0zhtal18dzWP5TpN4cPm77PSJGI85ChHRJ8lFEl2jVZ5DJ12N6vew6QIgmlIDQKwZQ5gZCDqV/u+dZQIavaqZG90P9JKaXXIEOOKd+EuOp2l4i7xrsg/w== bastion\n"
            },
            "metadata_options": [
              {
                "aws_v1_http_endpoint": 1,
                "aws_v1_http_token": 2,
                "gce_http_endpoint": 1,
                "gce_http_token": 1
              }
            ],
            "name": "grafana",
            "network_acceleration_type": "standard",
            "network_interface": [
              {
                "dns_record": [],
                "index": 0,
                "ip_address": "192.168.10.21",
                "ipv4": true,
                "ipv6": false,
                "ipv6_address": "",
                "ipv6_dns_record": [],
                "mac_address": "d0:0d:17:6e:3f:73",
                "nat": true,
                "nat_dns_record": [],
                "nat_ip_address": "158.160.113.145",
                "nat_ip_version": "IPV4",
                "security_group_ids": [],
                "subnet_id": "e9bijlmij63b0k7sbbtd"
              }
            ],
            "placement_policy": [
              {
                "host_affinity_rules": [],
                "placement_group_id": ""
              }
            ],
            "platform_id": "standard-v1",
            "resources": [
              {
                "core_fraction": 100,
                "cores": 2,
                "gpus": 0,
                "memory": 4
              }
            ],
            "scheduling_policy": [
              {
                "preemptible": false
              }
            ],
            "secondary_disk": [],
            "service_account_id": "",
            "status": "running",
            "timeouts": null,
            "zone": "ru-central1-a"
          },
          "sensitive_attributes": [],
          "private": "eyJlMmJmYjczMC1lY2FhLTExZTYtOGY4OC0zNDM2M2JjN2M0YzAiOnsiY3JlYXRlIjozMDAwMDAwMDAwMDAsImRlbGV0ZSI6MzAwMDAwMDAwMDAwLCJ1cGRhdGUiOjMwMDAwMDAwMDAwMH0sInNjaGVtYV92ZXJzaW9uIjoiMSJ9",
          "dependencies": [
            "yandex_vpc_network.network-1",
            "yandex_vpc_subnet.subnet-1"
          ]
        }
      ]
    },
    {
      "mode": "managed",
      "type": "yandex_compute_instance",
      "name": "Kibana",
      "provider": "provider[\"registry.terraform.io/yandex-cloud/yandex\"]",
      "instances": [
        {
          "schema_version": 1,
          "attributes": {
            "allow_recreate": null,
            "allow_stopping_for_update": null,
            "boot_disk": [
              {
                "auto_delete": true,
                "device_name": "fhmtmgqe6ugu0dufd783",
                "disk_id": "fhmtmgqe6ugu0dufd783",
                "initialize_params": [
                  {
                    "block_size": 4096,
                    "description": "",
                    "image_id": "fd8hhtemghrl8qptlnfu",
                    "name": "",
                    "size": 20,
                    "snapshot_id": "",
                    "type": "network-hdd"
                  }
                ],
                "mode": "READ_WRITE"
              }
            ],
            "created_at": "2023-08-07T21:55:07Z",
            "description": "",
            "filesystem": [],
            "folder_id": "b1gt86b9aq1ci5kanapu",
            "fqdn": "fhmi0n2dvr4r6sa9pdok.auto.internal",
            "hostname": "",
            "id": "fhmi0n2dvr4r6sa9pdok",
            "labels": {},
            "local_disk": [],
            "metadata": {
              "user-data": " #cloud-config\n users:\n  - name: artem\n    groups: sudo\n    shell: /bin/bash\n    sudo: ['ALL=(ALL) NOPASSWD:ALL']\n    ssh-authorized-keys:\n      - ssh-rsa AAAAB3NzaC1yc2EAAAADAQABAAABgQCzW2ttCkPSnKCTdzCBY/ZrGsyjkmY+tykeZ1ybrzCQk3le6JNJ8d+mUU5I+lgkvHIQnPSGaSkbVtWUOKy9PIWkkt0L1S0wrbfydYWNMaB1x5jLEn/flUQ7QwUZJaQ17WYXtO68o0hVQ83zBB8/jHHr0IrE1cKukzZrZ940Up5mDmETDYtLFIqsr66JZ986k/OvK2GGf+xlJCUgBwLlrlUxqHZisCz6MpldVAYd5uX3ZtmsfT5GoBp70Y8B+wSIa77I0xCJQqfG08gTmlMprXYqVcJJ27nq3e9AcEZ1IT3QdmwQOeFwt3BVsCFIc+JSJprJCO7XZJQPE95VYjEqpS7W/aw3Zx7xsXatQC3xenfdK24f5HE9S5pKYjztUyzKs4aay03vyB0bTjSyrYMl6wmexqEjNs9E+DQrpPLW0CVeT46jQnIW8P6mtF82XS9WVFeML16p0X3r5CFDkPhHugr0B569l53uCTG4zKkr2YLNbkeMxlhHmbvADOK1Rfgz0SE= root@artem\n      - ssh-rsa AAAAB3NzaC1yc2EAAAADAQABAAACAQD5rXMkwLS6BNO3eez2nopzP0cekPLUpwvFEfbhQkB+tOsCctGnAk210L9+82ChR7GIJ8Mt0MX6akBaK06nceF6c+j0nLTNQ9EHTUzBn5S3x0jykw/meYDWOEnxsckSrHsYaKMQnko/8k3RAz6Ghfa34Fgs1bZf8I9WoC4PQWeZzzNTZzGrx4SH9rM1CiCKnXdkTNZ3n5NjkHeN5OlvtQO6KavBF5OHJGYD2rurATVN6r1aUWheD22dvxomXAmxdSnnKa+klB9/IhgQc1xEY2MW3SWwSmAsOFUox/pS2B12aRGsA7KzedL+m5sNIQYLHdcO5Ly1mCc7LRiZ7lxuFJTEvlD2PKXzgT4KDs1B5Gs5GqeC6pep67Tj2whyUBs+EEHerZUuyOnWz5eBKQskekmukuqKfUBZcJOX8JmiLFe9ECyVe9CwKJKhC5mM3C3MrJHR7LS6NFVSGkvcjF/SjMmb+j2AHBtm6gpZ6q+myIFHr42pcKZqir65XJeveKkHlqnifJ3efIM7uVyQGFAdgqdjayDlNsKlKpxZDdFpj0CbV6UZUSDOrRYCm0zhtal18dzWP5TpN4cPm77PSJGI85ChHRJ8lFEl2jVZ5DJ12N6vew6QIgmlIDQKwZQ5gZCDqV/u+dZQIavaqZG90P9JKaXXIEOOKd+EuOp2l4i7xrsg/w== bastion\n"
            },
            "metadata_options": [
              {
                "aws_v1_http_endpoint": 1,
                "aws_v1_http_token": 2,
                "gce_http_endpoint": 1,
                "gce_http_token": 1
              }
            ],
            "name": "kibana",
            "network_acceleration_type": "standard",
            "network_interface": [
              {
                "dns_record": [],
                "index": 0,
                "ip_address": "192.168.10.14",
                "ipv4": true,
                "ipv6": false,
                "ipv6_address": "",
                "ipv6_dns_record": [],
                "mac_address": "d0:0d:12:05:c4:df",
                "nat": true,
                "nat_dns_record": [],
                "nat_ip_address": "158.160.118.48",
                "nat_ip_version": "IPV4",
                "security_group_ids": [],
                "subnet_id": "e9bijlmij63b0k7sbbtd"
              }
            ],
            "placement_policy": [
              {
                "host_affinity_rules": [],
                "placement_group_id": ""
              }
            ],
            "platform_id": "standard-v1",
            "resources": [
              {
                "core_fraction": 100,
                "cores": 2,
                "gpus": 0,
                "memory": 4
              }
            ],
            "scheduling_policy": [
              {
                "preemptible": false
              }
            ],
            "secondary_disk": [],
            "service_account_id": "",
            "status": "running",
            "timeouts": null,
            "zone": "ru-central1-a"
          },
          "sensitive_attributes": [],
          "private": "eyJlMmJmYjczMC1lY2FhLTExZTYtOGY4OC0zNDM2M2JjN2M0YzAiOnsiY3JlYXRlIjozMDAwMDAwMDAwMDAsImRlbGV0ZSI6MzAwMDAwMDAwMDAwLCJ1cGRhdGUiOjMwMDAwMDAwMDAwMH0sInNjaGVtYV92ZXJzaW9uIjoiMSJ9",
          "dependencies": [
            "yandex_vpc_network.network-1",
            "yandex_vpc_subnet.subnet-1"
          ]
        }
      ]
    },
    {
      "mode": "managed",
      "type": "yandex_compute_instance",
      "name": "Prometheus",
      "provider": "provider[\"registry.terraform.io/yandex-cloud/yandex\"]",
      "instances": [
        {
          "schema_version": 1,
          "attributes": {
            "allow_recreate": null,
            "allow_stopping_for_update": true,
            "boot_disk": [
              {
                "auto_delete": true,
                "device_name": "fhm3fciffuk5l7sqa4pu",
                "disk_id": "fhm3fciffuk5l7sqa4pu",
                "initialize_params": [
                  {
                    "block_size": 4096,
                    "description": "",
                    "image_id": "fd87bs5724r0ngu3jlb6",
                    "name": "",
                    "size": 20,
                    "snapshot_id": "",
                    "type": "network-hdd"
                  }
                ],
                "mode": "READ_WRITE"
              }
            ],
            "created_at": "2023-07-02T16:47:19Z",
            "description": "",
            "filesystem": [],
            "folder_id": "b1gt86b9aq1ci5kanapu",
            "fqdn": "fhmlq0mmokbcqutucqvc.auto.internal",
            "hostname": "",
            "id": "fhmlq0mmokbcqutucqvc",
            "labels": {},
            "local_disk": [],
            "metadata": {
              "user-data": " #cloud-config\n users:\n  - name: artem\n    groups: sudo\n    shell: /bin/bash\n    sudo: ['ALL=(ALL) NOPASSWD:ALL']\n    ssh-authorized-keys:\n      - ssh-rsa AAAAB3NzaC1yc2EAAAADAQABAAABgQCzW2ttCkPSnKCTdzCBY/ZrGsyjkmY+tykeZ1ybrzCQk3le6JNJ8d+mUU5I+lgkvHIQnPSGaSkbVtWUOKy9PIWkkt0L1S0wrbfydYWNMaB1x5jLEn/flUQ7QwUZJaQ17WYXtO68o0hVQ83zBB8/jHHr0IrE1cKukzZrZ940Up5mDmETDYtLFIqsr66JZ986k/OvK2GGf+xlJCUgBwLlrlUxqHZisCz6MpldVAYd5uX3ZtmsfT5GoBp70Y8B+wSIa77I0xCJQqfG08gTmlMprXYqVcJJ27nq3e9AcEZ1IT3QdmwQOeFwt3BVsCFIc+JSJprJCO7XZJQPE95VYjEqpS7W/aw3Zx7xsXatQC3xenfdK24f5HE9S5pKYjztUyzKs4aay03vyB0bTjSyrYMl6wmexqEjNs9E+DQrpPLW0CVeT46jQnIW8P6mtF82XS9WVFeML16p0X3r5CFDkPhHugr0B569l53uCTG4zKkr2YLNbkeMxlhHmbvADOK1Rfgz0SE= root@artem\n      - ssh-rsa AAAAB3NzaC1yc2EAAAADAQABAAACAQD5rXMkwLS6BNO3eez2nopzP0cekPLUpwvFEfbhQkB+tOsCctGnAk210L9+82ChR7GIJ8Mt0MX6akBaK06nceF6c+j0nLTNQ9EHTUzBn5S3x0jykw/meYDWOEnxsckSrHsYaKMQnko/8k3RAz6Ghfa34Fgs1bZf8I9WoC4PQWeZzzNTZzGrx4SH9rM1CiCKnXdkTNZ3n5NjkHeN5OlvtQO6KavBF5OHJGYD2rurATVN6r1aUWheD22dvxomXAmxdSnnKa+klB9/IhgQc1xEY2MW3SWwSmAsOFUox/pS2B12aRGsA7KzedL+m5sNIQYLHdcO5Ly1mCc7LRiZ7lxuFJTEvlD2PKXzgT4KDs1B5Gs5GqeC6pep67Tj2whyUBs+EEHerZUuyOnWz5eBKQskekmukuqKfUBZcJOX8JmiLFe9ECyVe9CwKJKhC5mM3C3MrJHR7LS6NFVSGkvcjF/SjMmb+j2AHBtm6gpZ6q+myIFHr42pcKZqir65XJeveKkHlqnifJ3efIM7uVyQGFAdgqdjayDlNsKlKpxZDdFpj0CbV6UZUSDOrRYCm0zhtal18dzWP5TpN4cPm77PSJGI85ChHRJ8lFEl2jVZ5DJ12N6vew6QIgmlIDQKwZQ5gZCDqV/u+dZQIavaqZG90P9JKaXXIEOOKd+EuOp2l4i7xrsg/w== bastion\n"
            },
            "metadata_options": [
              {
                "aws_v1_http_endpoint": 1,
                "aws_v1_http_token": 2,
                "gce_http_endpoint": 1,
                "gce_http_token": 1
              }
            ],
            "name": "prometheus",
            "network_acceleration_type": "standard",
            "network_interface": [
              {
                "dns_record": [],
                "index": 0,
                "ip_address": "192.168.10.30",
                "ipv4": true,
                "ipv6": false,
                "ipv6_address": "",
                "ipv6_dns_record": [],
                "mac_address": "d0:0d:15:d0:2d:6c",
                "nat": true,
                "nat_dns_record": [],
                "nat_ip_address": "158.160.119.128",
                "nat_ip_version": "IPV4",
                "security_group_ids": [],
                "subnet_id": "e9bijlmij63b0k7sbbtd"
              }
            ],
            "placement_policy": [
              {
                "host_affinity_rules": [],
                "placement_group_id": ""
              }
            ],
            "platform_id": "standard-v1",
            "resources": [
              {
                "core_fraction": 100,
                "cores": 2,
                "gpus": 0,
                "memory": 4
              }
            ],
            "scheduling_policy": [
              {
                "preemptible": false
              }
            ],
            "secondary_disk": [],
            "service_account_id": "",
            "status": "running",
            "timeouts": null,
            "zone": "ru-central1-a"
          },
          "sensitive_attributes": [],
          "private": "eyJlMmJmYjczMC1lY2FhLTExZTYtOGY4OC0zNDM2M2JjN2M0YzAiOnsiY3JlYXRlIjozMDAwMDAwMDAwMDAsImRlbGV0ZSI6MzAwMDAwMDAwMDAwLCJ1cGRhdGUiOjMwMDAwMDAwMDAwMH0sInNjaGVtYV92ZXJzaW9uIjoiMSJ9",
          "dependencies": [
            "yandex_vpc_network.network-1",
            "yandex_vpc_subnet.subnet-1"
          ]
        }
      ]
    },
    {
      "mode": "managed",
      "type": "yandex_compute_instance",
      "name": "vm-1",
      "provider": "provider[\"registry.terraform.io/yandex-cloud/yandex\"]",
      "instances": [
        {
          "schema_version": 1,
          "attributes": {
            "allow_recreate": null,
            "allow_stopping_for_update": true,
            "boot_disk": [
              {
                "auto_delete": true,
                "device_name": "fhmullsmpi46n9841ipe",
                "disk_id": "fhmullsmpi46n9841ipe",
                "initialize_params": [
                  {
                    "block_size": 4096,
                    "description": "",
                    "image_id": "fd87bs5724r0ngu3jlb6",
                    "name": "",
                    "size": 20,
                    "snapshot_id": "",
                    "type": "network-hdd"
                  }
                ],
                "mode": "READ_WRITE"
              }
            ],
            "created_at": "2023-07-01T17:27:39Z",
            "description": "",
            "filesystem": [],
            "folder_id": "b1gt86b9aq1ci5kanapu",
            "fqdn": "fhmooqnft72mumt14ak0.auto.internal",
            "hostname": "",
            "id": "fhmooqnft72mumt14ak0",
            "labels": {},
            "local_disk": [],
            "metadata": {
              "user-data": " #cloud-config\n users:\n  - name: artem\n    groups: sudo\n    shell: /bin/bash\n    sudo: ['ALL=(ALL) NOPASSWD:ALL']\n    ssh-authorized-keys:\n      - ssh-rsa AAAAB3NzaC1yc2EAAAADAQABAAABgQCzW2ttCkPSnKCTdzCBY/ZrGsyjkmY+tykeZ1ybrzCQk3le6JNJ8d+mUU5I+lgkvHIQnPSGaSkbVtWUOKy9PIWkkt0L1S0wrbfydYWNMaB1x5jLEn/flUQ7QwUZJaQ17WYXtO68o0hVQ83zBB8/jHHr0IrE1cKukzZrZ940Up5mDmETDYtLFIqsr66JZ986k/OvK2GGf+xlJCUgBwLlrlUxqHZisCz6MpldVAYd5uX3ZtmsfT5GoBp70Y8B+wSIa77I0xCJQqfG08gTmlMprXYqVcJJ27nq3e9AcEZ1IT3QdmwQOeFwt3BVsCFIc+JSJprJCO7XZJQPE95VYjEqpS7W/aw3Zx7xsXatQC3xenfdK24f5HE9S5pKYjztUyzKs4aay03vyB0bTjSyrYMl6wmexqEjNs9E+DQrpPLW0CVeT46jQnIW8P6mtF82XS9WVFeML16p0X3r5CFDkPhHugr0B569l53uCTG4zKkr2YLNbkeMxlhHmbvADOK1Rfgz0SE= root@artem\n      - ssh-rsa AAAAB3NzaC1yc2EAAAADAQABAAACAQD5rXMkwLS6BNO3eez2nopzP0cekPLUpwvFEfbhQkB+tOsCctGnAk210L9+82ChR7GIJ8Mt0MX6akBaK06nceF6c+j0nLTNQ9EHTUzBn5S3x0jykw/meYDWOEnxsckSrHsYaKMQnko/8k3RAz6Ghfa34Fgs1bZf8I9WoC4PQWeZzzNTZzGrx4SH9rM1CiCKnXdkTNZ3n5NjkHeN5OlvtQO6KavBF5OHJGYD2rurATVN6r1aUWheD22dvxomXAmxdSnnKa+klB9/IhgQc1xEY2MW3SWwSmAsOFUox/pS2B12aRGsA7KzedL+m5sNIQYLHdcO5Ly1mCc7LRiZ7lxuFJTEvlD2PKXzgT4KDs1B5Gs5GqeC6pep67Tj2whyUBs+EEHerZUuyOnWz5eBKQskekmukuqKfUBZcJOX8JmiLFe9ECyVe9CwKJKhC5mM3C3MrJHR7LS6NFVSGkvcjF/SjMmb+j2AHBtm6gpZ6q+myIFHr42pcKZqir65XJeveKkHlqnifJ3efIM7uVyQGFAdgqdjayDlNsKlKpxZDdFpj0CbV6UZUSDOrRYCm0zhtal18dzWP5TpN4cPm77PSJGI85ChHRJ8lFEl2jVZ5DJ12N6vew6QIgmlIDQKwZQ5gZCDqV/u+dZQIavaqZG90P9JKaXXIEOOKd+EuOp2l4i7xrsg/w== bastion\n"
            },
            "metadata_options": [
              {
                "aws_v1_http_endpoint": 1,
                "aws_v1_http_token": 2,
                "gce_http_endpoint": 1,
                "gce_http_token": 1
              }
            ],
            "name": "webserver-1",
            "network_acceleration_type": "standard",
            "network_interface": [
              {
                "dns_record": [],
                "index": 0,
                "ip_address": "192.168.10.7",
                "ipv4": true,
                "ipv6": false,
                "ipv6_address": "",
                "ipv6_dns_record": [],
                "mac_address": "d0:0d:18:c6:ae:fe",
                "nat": true,
                "nat_dns_record": [],
                "nat_ip_address": "158.160.121.50",
                "nat_ip_version": "IPV4",
                "security_group_ids": [],
                "subnet_id": "e9bijlmij63b0k7sbbtd"
              }
            ],
            "placement_policy": [
              {
                "host_affinity_rules": [],
                "placement_group_id": ""
              }
            ],
            "platform_id": "standard-v1",
            "resources": [
              {
                "core_fraction": 100,
                "cores": 2,
                "gpus": 0,
                "memory": 4
              }
            ],
            "scheduling_policy": [
              {
                "preemptible": false
              }
            ],
            "secondary_disk": [],
            "service_account_id": "",
            "status": "running",
            "timeouts": null,
            "zone": "ru-central1-a"
          },
          "sensitive_attributes": [],
          "private": "eyJlMmJmYjczMC1lY2FhLTExZTYtOGY4OC0zNDM2M2JjN2M0YzAiOnsiY3JlYXRlIjozMDAwMDAwMDAwMDAsImRlbGV0ZSI6MzAwMDAwMDAwMDAwLCJ1cGRhdGUiOjMwMDAwMDAwMDAwMH0sInNjaGVtYV92ZXJzaW9uIjoiMSJ9",
          "dependencies": [
            "yandex_vpc_network.network-1",
            "yandex_vpc_subnet.subnet-1"
          ]
        }
      ]
    },
    {
      "mode": "managed",
      "type": "yandex_compute_instance",
      "name": "vm-2",
      "provider": "provider[\"registry.terraform.io/yandex-cloud/yandex\"]",
      "instances": [
        {
          "schema_version": 1,
          "attributes": {
            "allow_recreate": null,
            "allow_stopping_for_update": false,
            "boot_disk": [
              {
                "auto_delete": true,
                "device_name": "epdgaoa8rbfrvuqa05o1",
                "disk_id": "epdgaoa8rbfrvuqa05o1",
                "initialize_params": [
                  {
                    "block_size": 4096,
                    "description": "",
                    "image_id": "fd87bs5724r0ngu3jlb6",
                    "name": "",
                    "size": 20,
                    "snapshot_id": "",
                    "type": "network-hdd"
                  }
                ],
                "mode": "READ_WRITE"
              }
            ],
            "created_at": "2023-07-01T17:27:40Z",
            "description": "",
            "filesystem": [],
            "folder_id": "b1gt86b9aq1ci5kanapu",
            "fqdn": "epdrfa0fuoug1l8hhfao.auto.internal",
            "hostname": "",
            "id": "epdrfa0fuoug1l8hhfao",
            "labels": {},
            "local_disk": [],
            "metadata": {
              "user-data": " #cloud-config\n users:\n  - name: artem\n    groups: sudo\n    shell: /bin/bash\n    sudo: ['ALL=(ALL) NOPASSWD:ALL']\n    ssh-authorized-keys:\n      - ssh-rsa AAAAB3NzaC1yc2EAAAADAQABAAABgQCzW2ttCkPSnKCTdzCBY/ZrGsyjkmY+tykeZ1ybrzCQk3le6JNJ8d+mUU5I+lgkvHIQnPSGaSkbVtWUOKy9PIWkkt0L1S0wrbfydYWNMaB1x5jLEn/flUQ7QwUZJaQ17WYXtO68o0hVQ83zBB8/jHHr0IrE1cKukzZrZ940Up5mDmETDYtLFIqsr66JZ986k/OvK2GGf+xlJCUgBwLlrlUxqHZisCz6MpldVAYd5uX3ZtmsfT5GoBp70Y8B+wSIa77I0xCJQqfG08gTmlMprXYqVcJJ27nq3e9AcEZ1IT3QdmwQOeFwt3BVsCFIc+JSJprJCO7XZJQPE95VYjEqpS7W/aw3Zx7xsXatQC3xenfdK24f5HE9S5pKYjztUyzKs4aay03vyB0bTjSyrYMl6wmexqEjNs9E+DQrpPLW0CVeT46jQnIW8P6mtF82XS9WVFeML16p0X3r5CFDkPhHugr0B569l53uCTG4zKkr2YLNbkeMxlhHmbvADOK1Rfgz0SE= root@artem\n      - ssh-rsa AAAAB3NzaC1yc2EAAAADAQABAAACAQD5rXMkwLS6BNO3eez2nopzP0cekPLUpwvFEfbhQkB+tOsCctGnAk210L9+82ChR7GIJ8Mt0MX6akBaK06nceF6c+j0nLTNQ9EHTUzBn5S3x0jykw/meYDWOEnxsckSrHsYaKMQnko/8k3RAz6Ghfa34Fgs1bZf8I9WoC4PQWeZzzNTZzGrx4SH9rM1CiCKnXdkTNZ3n5NjkHeN5OlvtQO6KavBF5OHJGYD2rurATVN6r1aUWheD22dvxomXAmxdSnnKa+klB9/IhgQc1xEY2MW3SWwSmAsOFUox/pS2B12aRGsA7KzedL+m5sNIQYLHdcO5Ly1mCc7LRiZ7lxuFJTEvlD2PKXzgT4KDs1B5Gs5GqeC6pep67Tj2whyUBs+EEHerZUuyOnWz5eBKQskekmukuqKfUBZcJOX8JmiLFe9ECyVe9CwKJKhC5mM3C3MrJHR7LS6NFVSGkvcjF/SjMmb+j2AHBtm6gpZ6q+myIFHr42pcKZqir65XJeveKkHlqnifJ3efIM7uVyQGFAdgqdjayDlNsKlKpxZDdFpj0CbV6UZUSDOrRYCm0zhtal18dzWP5TpN4cPm77PSJGI85ChHRJ8lFEl2jVZ5DJ12N6vew6QIgmlIDQKwZQ5gZCDqV/u+dZQIavaqZG90P9JKaXXIEOOKd+EuOp2l4i7xrsg/w== bastion\n"
            },
            "metadata_options": [
              {
                "aws_v1_http_endpoint": 1,
                "aws_v1_http_token": 2,
                "gce_http_endpoint": 1,
                "gce_http_token": 1
              }
            ],
            "name": "webserver-2",
            "network_acceleration_type": "standard",
            "network_interface": [
              {
                "dns_record": [],
                "index": 0,
                "ip_address": "192.168.15.17",
                "ipv4": true,
                "ipv6": false,
                "ipv6_address": "",
                "ipv6_dns_record": [],
                "mac_address": "d0:0d:1b:7a:80:ff",
                "nat": true,
                "nat_dns_record": [],
                "nat_ip_address": "158.160.29.157",
                "nat_ip_version": "IPV4",
                "security_group_ids": [],
                "subnet_id": "e2l412nkhbah6n2usa44"
              }
            ],
            "placement_policy": [
              {
                "host_affinity_rules": [],
                "placement_group_id": ""
              }
            ],
            "platform_id": "standard-v1",
            "resources": [
              {
                "core_fraction": 100,
                "cores": 2,
                "gpus": 0,
                "memory": 4
              }
            ],
            "scheduling_policy": [
              {
                "preemptible": false
              }
            ],
            "secondary_disk": [],
            "service_account_id": "",
            "status": "running",
            "timeouts": null,
            "zone": "ru-central1-b"
          },
          "sensitive_attributes": [],
          "private": "eyJlMmJmYjczMC1lY2FhLTExZTYtOGY4OC0zNDM2M2JjN2M0YzAiOnsiY3JlYXRlIjozMDAwMDAwMDAwMDAsImRlbGV0ZSI6MzAwMDAwMDAwMDAwLCJ1cGRhdGUiOjMwMDAwMDAwMDAwMH0sInNjaGVtYV92ZXJzaW9uIjoiMSJ9",
          "dependencies": [
            "yandex_vpc_network.network-1",
            "yandex_vpc_subnet.subnet-2"
          ]
        }
      ]
    },
    {
      "mode": "managed",
      "type": "yandex_compute_snapshot_schedule",
      "name": "default",
      "provider": "provider[\"registry.terraform.io/yandex-cloud/yandex\"]",
      "instances": [
        {
          "schema_version": 0,
          "attributes": {
            "created_at": "2023-08-27T18:07:21Z",
            "description": "",
            "disk_ids": [
              "epdgaoa8rbfrvuqa05o1",
              "fhmu66biv14b40vmklgi",
              "fhm3fciffuk5l7sqa4pu",
              "fhmhalmudfoom1j4aim7",
              "fhmqrqhkuac4ooitvq8k",
              "fhmtmgqe6ugu0dufd783",
              "fhmullsmpi46n9841ipe"
            ],
            "folder_id": "b1gt86b9aq1ci5kanapu",
            "id": "fd83gar75tq0c8h2ls6b",
            "labels": {},
            "name": "daily-snapshots",
            "retention_period": "",
            "schedule_policy": [
              {
                "expression": "0 2 * * *",
                "start_at": "1970-01-01T00:00:00Z"
              }
            ],
            "snapshot_count": 7,
            "snapshot_spec": [
              {
                "description": "Daily snapshot",
                "labels": {
                  "daily_snapshot": "true"
                }
              }
            ],
            "status": "active",
            "timeouts": null
          },
          "sensitive_attributes": [],
          "private": "eyJlMmJmYjczMC1lY2FhLTExZTYtOGY4OC0zNDM2M2JjN2M0YzAiOnsiY3JlYXRlIjozMDAwMDAwMDAwMDAsImRlbGV0ZSI6MzAwMDAwMDAwMDAwLCJ1cGRhdGUiOjMwMDAwMDAwMDAwMH19"
        }
      ]
    },
    {
      "mode": "managed",
      "type": "yandex_vpc_network",
      "name": "network-1",
      "provider": "provider[\"registry.terraform.io/yandex-cloud/yandex\"]",
      "instances": [
        {
          "schema_version": 0,
          "attributes": {
            "created_at": "2023-07-01T17:27:37Z",
            "default_security_group_id": "",
            "description": "",
            "folder_id": "b1gt86b9aq1ci5kanapu",
            "id": "enp3gdj6d5s702dbhq0e",
            "labels": {},
            "name": "network1",
            "subnet_ids": [
              "e2l412nkhbah6n2usa44",
              "e9bijlmij63b0k7sbbtd"
            ],
            "timeouts": null
          },
          "sensitive_attributes": [],
          "private": "eyJlMmJmYjczMC1lY2FhLTExZTYtOGY4OC0zNDM2M2JjN2M0YzAiOnsiY3JlYXRlIjo2MDAwMDAwMDAwMCwiZGVsZXRlIjo2MDAwMDAwMDAwMCwidXBkYXRlIjo2MDAwMDAwMDAwMH19"
        }
      ]
    },
    {
      "mode": "managed",
      "type": "yandex_vpc_security_group",
      "name": "Elasticsearch_sg",
      "provider": "provider[\"registry.terraform.io/yandex-cloud/yandex\"]",
      "instances": [
        {
          "schema_version": 0,
          "attributes": {
            "created_at": "2023-08-27T17:47:04Z",
            "description": "Security group for Elasticsearch",
            "egress": [],
            "folder_id": "b1gt86b9aq1ci5kanapu",
            "id": "enpn07hckrp2obsob8nb",
            "ingress": [
              {
                "description": "Elasticsearch",
                "from_port": -1,
                "id": "enplig474otd850sc51i",
                "labels": {},
                "port": 9200,
                "predefined_target": "",
                "protocol": "TCP",
                "security_group_id": "enpuo52aveirl3b933ph",
                "to_port": -1,
                "v4_cidr_blocks": [],
                "v6_cidr_blocks": []
              }
            ],
            "labels": {},
            "name": "Elasticsearch-sg",
            "network_id": "enp3gdj6d5s702dbhq0e",
            "status": "ACTIVE",
            "timeouts": null
          },
          "sensitive_attributes": [],
          "private": "eyJlMmJmYjczMC1lY2FhLTExZTYtOGY4OC0zNDM2M2JjN2M0YzAiOnsiY3JlYXRlIjoxODAwMDAwMDAwMDAsImRlbGV0ZSI6MTgwMDAwMDAwMDAwLCJ1cGRhdGUiOjE4MDAwMDAwMDAwMH19",
          "dependencies": [
            "yandex_vpc_network.network-1",
            "yandex_vpc_security_group.ssh_access_sg"
          ]
        }
      ]
    },
    {
      "mode": "managed",
      "type": "yandex_vpc_security_group",
      "name": "bastion_sg",
      "provider": "provider[\"registry.terraform.io/yandex-cloud/yandex\"]",
      "instances": [
        {
          "schema_version": 0,
          "attributes": {
            "created_at": "2023-08-27T17:47:06Z",
            "description": "Security group for bastion",
            "egress": [],
            "folder_id": "b1gt86b9aq1ci5kanapu",
            "id": "enpcee58be3h2fjmp0kh",
            "ingress": [
              {
                "description": "bastion",
                "from_port": -1,
                "id": "enpfgomguroqokoed66a",
                "labels": {},
                "port": 22,
                "predefined_target": "",
                "protocol": "TCP",
                "security_group_id": "enpuo52aveirl3b933ph",
                "to_port": -1,
                "v4_cidr_blocks": [],
                "v6_cidr_blocks": []
              }
            ],
            "labels": {},
            "name": "bastion-sg",
            "network_id": "enp3gdj6d5s702dbhq0e",
            "status": "ACTIVE",
            "timeouts": null
          },
          "sensitive_attributes": [],
          "private": "eyJlMmJmYjczMC1lY2FhLTExZTYtOGY4OC0zNDM2M2JjN2M0YzAiOnsiY3JlYXRlIjoxODAwMDAwMDAwMDAsImRlbGV0ZSI6MTgwMDAwMDAwMDAwLCJ1cGRhdGUiOjE4MDAwMDAwMDAwMH19",
          "dependencies": [
            "yandex_vpc_network.network-1",
            "yandex_vpc_security_group.ssh_access_sg"
          ]
        }
      ]
    },
    {
      "mode": "managed",
      "type": "yandex_vpc_security_group",
      "name": "grafana_sg",
      "provider": "provider[\"registry.terraform.io/yandex-cloud/yandex\"]",
      "instances": [
        {
          "schema_version": 0,
          "attributes": {
            "created_at": "2023-08-27T17:47:08Z",
            "description": "Security group for Grafana",
            "egress": [],
            "folder_id": "b1gt86b9aq1ci5kanapu",
            "id": "enpmhu6hotgbtm982e9d",
            "ingress": [
              {
                "description": "Grafana",
                "from_port": -1,
                "id": "enpiql1t0shanlu2m5gk",
                "labels": {},
                "port": 3000,
                "predefined_target": "",
                "protocol": "TCP",
                "security_group_id": "enpuo52aveirl3b933ph",
                "to_port": -1,
                "v4_cidr_blocks": [],
                "v6_cidr_blocks": []
              }
            ],
            "labels": {},
            "name": "grafana-sg",
            "network_id": "enp3gdj6d5s702dbhq0e",
            "status": "ACTIVE",
            "timeouts": null
          },
          "sensitive_attributes": [],
          "private": "eyJlMmJmYjczMC1lY2FhLTExZTYtOGY4OC0zNDM2M2JjN2M0YzAiOnsiY3JlYXRlIjoxODAwMDAwMDAwMDAsImRlbGV0ZSI6MTgwMDAwMDAwMDAwLCJ1cGRhdGUiOjE4MDAwMDAwMDAwMH19",
          "dependencies": [
            "yandex_vpc_network.network-1",
            "yandex_vpc_security_group.ssh_access_sg"
          ]
        }
      ]
    },
    {
      "mode": "managed",
      "type": "yandex_vpc_security_group",
      "name": "kibana_sg",
      "provider": "provider[\"registry.terraform.io/yandex-cloud/yandex\"]",
      "instances": [
        {
          "schema_version": 0,
          "attributes": {
            "created_at": "2023-08-27T17:47:01Z",
            "description": "Security group for kibana",
            "egress": [],
            "folder_id": "b1gt86b9aq1ci5kanapu",
            "id": "enprljlm7dknjrdsh8cg",
            "ingress": [
              {
                "description": "kibana",
                "from_port": -1,
                "id": "enpq6vfc9emvjcfhij53",
                "labels": {},
                "port": 5601,
                "predefined_target": "",
                "protocol": "TCP",
                "security_group_id": "enpuo52aveirl3b933ph",
                "to_port": -1,
                "v4_cidr_blocks": [],
                "v6_cidr_blocks": []
              }
            ],
            "labels": {},
            "name": "kibana-sg",
            "network_id": "enp3gdj6d5s702dbhq0e",
            "status": "ACTIVE",
            "timeouts": null
          },
          "sensitive_attributes": [],
          "private": "eyJlMmJmYjczMC1lY2FhLTExZTYtOGY4OC0zNDM2M2JjN2M0YzAiOnsiY3JlYXRlIjoxODAwMDAwMDAwMDAsImRlbGV0ZSI6MTgwMDAwMDAwMDAwLCJ1cGRhdGUiOjE4MDAwMDAwMDAwMH19",
          "dependencies": [
            "yandex_vpc_network.network-1",
            "yandex_vpc_security_group.ssh_access_sg"
          ]
        }
      ]
    },
    {
      "mode": "managed",
      "type": "yandex_vpc_security_group",
      "name": "logstash_sg",
      "provider": "provider[\"registry.terraform.io/yandex-cloud/yandex\"]",
      "instances": [
        {
          "schema_version": 0,
          "attributes": {
            "created_at": "2023-08-27T19:06:59Z",
            "description": "Security group for logstash",
            "egress": [],
            "folder_id": "b1gt86b9aq1ci5kanapu",
            "id": "enp27f6r3q5cpn11f2im",
            "ingress": [
              {
                "description": "logstash",
                "from_port": -1,
                "id": "enpo825d88j89atmmvps",
                "labels": {},
                "port": 5044,
                "predefined_target": "",
                "protocol": "TCP",
                "security_group_id": "enpuo52aveirl3b933ph",
                "to_port": -1,
                "v4_cidr_blocks": [],
                "v6_cidr_blocks": []
              }
            ],
            "labels": {},
            "name": "logstash-sg",
            "network_id": "enp3gdj6d5s702dbhq0e",
            "status": "ACTIVE",
            "timeouts": null
          },
          "sensitive_attributes": [],
          "private": "eyJlMmJmYjczMC1lY2FhLTExZTYtOGY4OC0zNDM2M2JjN2M0YzAiOnsiY3JlYXRlIjoxODAwMDAwMDAwMDAsImRlbGV0ZSI6MTgwMDAwMDAwMDAwLCJ1cGRhdGUiOjE4MDAwMDAwMDAwMH19",
          "dependencies": [
            "yandex_vpc_network.network-1",
            "yandex_vpc_security_group.ssh_access_sg"
          ]
        }
      ]
    },
    {
      "mode": "managed",
      "type": "yandex_vpc_security_group",
      "name": "ssh_access_sg",
      "provider": "provider[\"registry.terraform.io/yandex-cloud/yandex\"]",
      "instances": [
        {
          "schema_version": 0,
          "attributes": {
            "created_at": "2023-08-27T17:46:57Z",
            "description": "Security group for SSH access",
            "egress": [],
            "folder_id": "b1gt86b9aq1ci5kanapu",
            "id": "enpuo52aveirl3b933ph",
            "ingress": [
              {
                "description": "SSH",
                "from_port": -1,
                "id": "enpahs21jacj17t6741b",
                "labels": {},
                "port": 22,
                "predefined_target": "",
                "protocol": "TCP",
                "security_group_id": "",
                "to_port": -1,
                "v4_cidr_blocks": [
                  "0.0.0.0/0"
                ],
                "v6_cidr_blocks": []
              }
            ],
            "labels": {},
            "name": "ssh-access-sg",
            "network_id": "enp3gdj6d5s702dbhq0e",
            "status": "ACTIVE",
            "timeouts": null
          },
          "sensitive_attributes": [],
          "private": "eyJlMmJmYjczMC1lY2FhLTExZTYtOGY4OC0zNDM2M2JjN2M0YzAiOnsiY3JlYXRlIjoxODAwMDAwMDAwMDAsImRlbGV0ZSI6MTgwMDAwMDAwMDAwLCJ1cGRhdGUiOjE4MDAwMDAwMDAwMH19",
          "dependencies": [
            "yandex_vpc_network.network-1"
          ]
        }
      ]
    },
    {
      "mode": "managed",
      "type": "yandex_vpc_security_group",
      "name": "web_sg",
      "provider": "provider[\"registry.terraform.io/yandex-cloud/yandex\"]",
      "instances": [
        {
          "schema_version": 0,
          "attributes": {
            "created_at": "2023-08-27T17:46:58Z",
            "description": "Security group for web",
            "egress": [],
            "folder_id": "b1gt86b9aq1ci5kanapu",
            "id": "enp3l42trekfcb0946ar",
            "ingress": [
              {
                "description": "web",
                "from_port": -1,
                "id": "enpc0jbdv5hefahc3vrk",
                "labels": {},
                "port": 80,
                "predefined_target": "",
                "protocol": "TCP",
                "security_group_id": "enpuo52aveirl3b933ph",
                "to_port": -1,
                "v4_cidr_blocks": [],
                "v6_cidr_blocks": []
              }
            ],
            "labels": {},
            "name": "web-sg",
            "network_id": "enp3gdj6d5s702dbhq0e",
            "status": "ACTIVE",
            "timeouts": null
          },
          "sensitive_attributes": [],
          "private": "eyJlMmJmYjczMC1lY2FhLTExZTYtOGY4OC0zNDM2M2JjN2M0YzAiOnsiY3JlYXRlIjoxODAwMDAwMDAwMDAsImRlbGV0ZSI6MTgwMDAwMDAwMDAwLCJ1cGRhdGUiOjE4MDAwMDAwMDAwMH19",
          "dependencies": [
            "yandex_vpc_network.network-1",
            "yandex_vpc_security_group.ssh_access_sg"
          ]
        }
      ]
    },
    {
      "mode": "managed",
      "type": "yandex_vpc_subnet",
      "name": "subnet-1",
      "provider": "provider[\"registry.terraform.io/yandex-cloud/yandex\"]",
      "instances": [
        {
          "schema_version": 0,
          "attributes": {
            "created_at": "2023-07-01T17:27:38Z",
            "description": "",
            "dhcp_options": [],
            "folder_id": "b1gt86b9aq1ci5kanapu",
            "id": "e9bijlmij63b0k7sbbtd",
            "labels": {},
            "name": "subnet1",
            "network_id": "enp3gdj6d5s702dbhq0e",
            "route_table_id": "",
            "timeouts": null,
            "v4_cidr_blocks": [
              "192.168.10.0/24"
            ],
            "v6_cidr_blocks": [],
            "zone": "ru-central1-a"
          },
          "sensitive_attributes": [],
          "private": "eyJlMmJmYjczMC1lY2FhLTExZTYtOGY4OC0zNDM2M2JjN2M0YzAiOnsiY3JlYXRlIjoxODAwMDAwMDAwMDAsImRlbGV0ZSI6MTgwMDAwMDAwMDAwLCJ1cGRhdGUiOjE4MDAwMDAwMDAwMH19",
          "dependencies": [
            "yandex_vpc_network.network-1"
          ]
        }
      ]
    },
    {
      "mode": "managed",
      "type": "yandex_vpc_subnet",
      "name": "subnet-2",
      "provider": "provider[\"registry.terraform.io/yandex-cloud/yandex\"]",
      "instances": [
        {
          "schema_version": 0,
          "attributes": {
            "created_at": "2023-07-01T17:27:38Z",
            "description": "",
            "dhcp_options": [],
            "folder_id": "b1gt86b9aq1ci5kanapu",
            "id": "e2l412nkhbah6n2usa44",
            "labels": {},
            "name": "subnet2",
            "network_id": "enp3gdj6d5s702dbhq0e",
            "route_table_id": "",
            "timeouts": null,
            "v4_cidr_blocks": [
              "192.168.15.0/24"
            ],
            "v6_cidr_blocks": [],
            "zone": "ru-central1-b"
          },
          "sensitive_attributes": [],
          "private": "eyJlMmJmYjczMC1lY2FhLTExZTYtOGY4OC0zNDM2M2JjN2M0YzAiOnsiY3JlYXRlIjoxODAwMDAwMDAwMDAsImRlbGV0ZSI6MTgwMDAwMDAwMDAwLCJ1cGRhdGUiOjE4MDAwMDAwMDAwMH19",
          "dependencies": [
            "yandex_vpc_network.network-1"
          ]
        }
      ]
    }
  ],
  "check_results": null
}
